
Microsoft Visual Studio Solution File, Format Version 12.00
# Visual Studio Version 17
VisualStudioVersion = 17.14.36408.4 d17.14
MinimumVisualStudioVersion = 10.0.40219.1
Project("{FAE04EC0-301F-11D3-BF4B-00C04F79EFBC}") = "Ecom_Project_2026", "Ecom_Project_2026\Ecom_Project_2026.csproj", "{04C31697-0A6E-497E-A61B-0FC27FFB9035}"
EndProject
Project("{FAE04EC0-301F-11D3-BF4B-00C04F79EFBC}") = "Ecom_Project_2026.Models", "Ecom_Project_2026.Models\Ecom_Project_2026.Models.csproj", "{4D6F10D9-C3D6-4980-94C3-7D66AA990724}"
EndProject
Project("{FAE04EC0-301F-11D3-BF4B-00C04F79EFBC}") = "Ecom_Project_2026.DataAccess", "Ecom_Project_2026.DataAccess\Ecom_Project_2026.DataAccess.csproj", "{BB2A6037-32D3-46C9-885A-A7A39617CB9C}"
EndProject
Project("{FAE04EC0-301F-11D3-BF4B-00C04F79EFBC}") = "Ecom_Project_2026.Utility", "Ecom_Project_2026.Utility\Ecom_Project_2026.Utility.csproj", "{C8B59608-178D-4F54-9344-06C5D434CC3F}"
EndProject
Global
	GlobalSection(SolutionConfigurationPlatforms) = preSolution
		Debug|Any CPU = Debug|Any CPU
		Release|Any CPU = Release|Any CPU
	EndGlobalSection
	GlobalSection(ProjectConfigurationPlatforms) = postSolution
		{04C31697-0A6E-497E-A61B-0FC27FFB9035}.Debug|Any CPU.ActiveCfg = Debug|Any CPU
		{04C31697-0A6E-497E-A61B-0FC27FFB9035}.Debug|Any CPU.Build.0 = Debug|Any CPU
		{04C31697-0A6E-497E-A61B-0FC27FFB9035}.Release|Any CPU.ActiveCfg = Release|Any CPU
		{04C31697-0A6E-497E-A61B-0FC27FFB9035}.Release|Any CPU.Build.0 = Release|Any CPU
		{4D6F10D9-C3D6-4980-94C3-7D66AA990724}.Debug|Any CPU.ActiveCfg = Debug|Any CPU
		{4D6F10D9-C3D6-4980-94C3-7D66AA990724}.Debug|Any CPU.Build.0 = Debug|Any CPU
		{4D6F10D9-C3D6-4980-94C3-7D66AA990724}.Release|Any CPU.ActiveCfg = Release|Any CPU
		{4D6F10D9-C3D6-4980-94C3-7D66AA990724}.Release|Any CPU.Build.0 = Release|Any CPU
		{BB2A6037-32D3-46C9-885A-A7A39617CB9C}.Debug|Any CPU.ActiveCfg = Debug|Any CPU
		{BB2A6037-32D3-46C9-885A-A7A39617CB9C}.Debug|Any CPU.Build.0 = Debug|Any CPU
		{BB2A6037-32D3-46C9-885A-A7A39617CB9C}.Release|Any CPU.ActiveCfg = Release|Any CPU
		{BB2A6037-32D3-46C9-885A-A7A39617CB9C}.Release|Any CPU.Build.0 = Release|Any CPU
		{C8B59608-178D-4F54-9344-06C5D434CC3F}.Debug|Any CPU.ActiveCfg = Debug|Any CPU
		{C8B59608-178D-4F54-9344-06C5D434CC3F}.Debug|Any CPU.Build.0 = Debug|Any CPU
		{C8B59608-178D-4F54-9344-06C5D434CC3F}.Release|Any CPU.ActiveCfg = Release|Any CPU
		{C8B59608-178D-4F54-9344-06C5D434CC3F}.Release|Any CPU.Build.0 = Release|Any CPU
	EndGlobalSection
	GlobalSection(SolutionProperties) = preSolution
		HideSolutionNode = FALSE
	EndGlobalSection
	GlobalSection(ExtensibilityGlobals) = postSolution
		SolutionGuid = {AE9EAC33-F9BF-4A16-9A32-B7D6F23157E3}
	EndGlobalSection
EndGlobal
